
Microsoft Visual Studio Solution File, Format Version 12.00
# Visual Studio 15
VisualStudioVersion = 15.0.27428.2043
MinimumVisualStudioVersion = 10.0.40219.1
Project("{FAE04EC0-301F-11D3-BF4B-00C04F79EFBC}") = "SeleniumTestTool", "SeleniumTestTool\SeleniumTestTool.csproj", "{62D13CD3-AAF8-4F0D-9263-CA781F597FB9}"
EndProject
Global
	GlobalSection(SolutionConfigurationPlatforms) = preSolution
		Debug|Any CPU = Debug|Any CPU
		Release|Any CPU = Release|Any CPU
	EndGlobalSection
	GlobalSection(ProjectConfigurationPlatforms) = postSolution
		{62D13CD3-AAF8-4F0D-9263-CA781F597FB9}.Debug|Any CPU.ActiveCfg = Debug|Any CPU
		{62D13CD3-AAF8-4F0D-9263-CA781F597FB9}.Debug|Any CPU.Build.0 = Debug|Any CPU
		{62D13CD3-AAF8-4F0D-9263-CA781F597FB9}.Release|Any CPU.ActiveCfg = Release|Any CPU
		{62D13CD3-AAF8-4F0D-9263-CA781F597FB9}.Release|Any CPU.Build.0 = Release|Any CPU
	EndGlobalSection
	GlobalSection(SolutionProperties) = preSolution
		HideSolutionNode = FALSE
	EndGlobalSection
	GlobalSection(ExtensibilityGlobals) = postSolution
		SolutionGuid = {AD78E29B-283C-4367-B389-F3864C3FDE68}
	EndGlobalSection
EndGlobal
